
Microsoft Visual Studio Solution File, Format Version 12.00
# Visual Studio 15
VisualStudioVersion = 15.0.26403.3
MinimumVisualStudioVersion = 10.0.40219.1
Project("{2150E333-8FDC-42A3-9474-1A3956D46DE8}") = "Solution Items", "Solution Items", "{31F7612E-3BE3-4E47-9FA0-6621EC0BFF22}"
	ProjectSection(SolutionItems) = preProject
		ReadMe.txt = ReadMe.txt
	EndProjectSection
EndProject
Project("{FAE04EC0-301F-11D3-BF4B-00C04F79EFBC}") = "TestApplication", "TestApplication\TestApplication.csproj", "{28575C15-2C03-431C-BDF5-7E3947376081}"
EndProject
Project("{FAE04EC0-301F-11D3-BF4B-00C04F79EFBC}") = "HighPerformanceListView", "HighPerformanceListView\HighPerformanceListView.csproj", "{54BC8770-20C6-4A45-ACF2-2A016552A992}"
EndProject
Global
	GlobalSection(SolutionConfigurationPlatforms) = preSolution
		Debug|Any CPU = Debug|Any CPU
		Release|Any CPU = Release|Any CPU
	EndGlobalSection
	GlobalSection(ProjectConfigurationPlatforms) = postSolution
		{28575C15-2C03-431C-BDF5-7E3947376081}.Debug|Any CPU.ActiveCfg = Debug|Any CPU
		{28575C15-2C03-431C-BDF5-7E3947376081}.Debug|Any CPU.Build.0 = Debug|Any CPU
		{28575C15-2C03-431C-BDF5-7E3947376081}.Release|Any CPU.ActiveCfg = Release|Any CPU
		{28575C15-2C03-431C-BDF5-7E3947376081}.Release|Any CPU.Build.0 = Release|Any CPU
		{54BC8770-20C6-4A45-ACF2-2A016552A992}.Debug|Any CPU.ActiveCfg = Debug|Any CPU
		{54BC8770-20C6-4A45-ACF2-2A016552A992}.Debug|Any CPU.Build.0 = Debug|Any CPU
		{54BC8770-20C6-4A45-ACF2-2A016552A992}.Release|Any CPU.ActiveCfg = Release|Any CPU
		{54BC8770-20C6-4A45-ACF2-2A016552A992}.Release|Any CPU.Build.0 = Release|Any CPU
	EndGlobalSection
	GlobalSection(SolutionProperties) = preSolution
		HideSolutionNode = FALSE
	EndGlobalSection
EndGlobal
